
Microsoft Visual Studio Solution File, Format Version 12.00
# Visual Studio 15
VisualStudioVersion = 15.0.28010.2019
MinimumVisualStudioVersion = 10.0.40219.1
Project("{FAE04EC0-301F-11D3-BF4B-00C04F79EFBC}") = "sales.Android", "sales\sales.Android\sales.Android.csproj", "{1BA55D29-EBB3-439E-87C9-E8583D717BAF}"
EndProject
Project("{FAE04EC0-301F-11D3-BF4B-00C04F79EFBC}") = "sales.iOS", "sales\sales.iOS\sales.iOS.csproj", "{C13BEE0F-C0D6-4D74-804C-CDFAF584CB69}"
EndProject
Project("{FAE04EC0-301F-11D3-BF4B-00C04F79EFBC}") = "sales.UWP", "sales\sales.UWP\sales.UWP.csproj", "{600A6256-0D19-4FA4-B3FD-122A45EBF4C4}"
EndProject
Project("{9A19103F-16F7-4668-BE54-9A1E7A4F7556}") = "sales", "sales\sales\sales.csproj", "{E9C687A8-BE76-4441-8531-4AAC6F0F37AF}"
EndProject
Project("{FAE04EC0-301F-11D3-BF4B-00C04F79EFBC}") = "sales.Backend", "sales.Backend\sales.Backend.csproj", "{4C898F68-9DC1-49CA-96C0-1646B307D481}"
EndProject
Project("{FAE04EC0-301F-11D3-BF4B-00C04F79EFBC}") = "sales.API", "sales.API\sales.API.csproj", "{8AC65EA0-E52F-4D3D-B355-FE3D0A2CE7BB}"
EndProject
Project("{FAE04EC0-301F-11D3-BF4B-00C04F79EFBC}") = "sales.Domain", "sales.Domain\sales.Domain.csproj", "{43029429-D77D-4F33-BDF3-DC405CC23607}"
EndProject
Project("{FAE04EC0-301F-11D3-BF4B-00C04F79EFBC}") = "sales.Common", "sales.Common\sales.Common.csproj", "{CE2A5F19-401F-4E66-8E7E-2A0396FD84E7}"
EndProject
Global
	GlobalSection(SolutionConfigurationPlatforms) = preSolution
		Ad-Hoc|Any CPU = Ad-Hoc|Any CPU
		Ad-Hoc|ARM = Ad-Hoc|ARM
		Ad-Hoc|iPhone = Ad-Hoc|iPhone
		Ad-Hoc|iPhoneSimulator = Ad-Hoc|iPhoneSimulator
		Ad-Hoc|x64 = Ad-Hoc|x64
		Ad-Hoc|x86 = Ad-Hoc|x86
		AppStore|Any CPU = AppStore|Any CPU
		AppStore|ARM = AppStore|ARM
		AppStore|iPhone = AppStore|iPhone
		AppStore|iPhoneSimulator = AppStore|iPhoneSimulator
		AppStore|x64 = AppStore|x64
		AppStore|x86 = AppStore|x86
		Debug|Any CPU = Debug|Any CPU
		Debug|ARM = Debug|ARM
		Debug|iPhone = Debug|iPhone
		Debug|iPhoneSimulator = Debug|iPhoneSimulator
		Debug|x64 = Debug|x64
		Debug|x86 = Debug|x86
		Release|Any CPU = Release|Any CPU
		Release|ARM = Release|ARM
		Release|iPhone = Release|iPhone
		Release|iPhoneSimulator = Release|iPhoneSimulator
		Release|x64 = Release|x64
		Release|x86 = Release|x86
	EndGlobalSection
	GlobalSection(ProjectConfigurationPlatforms) = postSolution
		{1BA55D29-EBB3-439E-87C9-E8583D717BAF}.Ad-Hoc|Any CPU.ActiveCfg = Release|Any CPU
		{1BA55D29-EBB3-439E-87C9-E8583D717BAF}.Ad-Hoc|Any CPU.Build.0 = Release|Any CPU
		{1BA55D29-EBB3-439E-87C9-E8583D717BAF}.Ad-Hoc|Any CPU.Deploy.0 = Release|Any CPU
		{1BA55D29-EBB3-439E-87C9-E8583D717BAF}.Ad-Hoc|ARM.ActiveCfg = Release|Any CPU
		{1BA55D29-EBB3-439E-87C9-E8583D717BAF}.Ad-Hoc|ARM.Build.0 = Release|Any CPU
		{1BA55D29-EBB3-439E-87C9-E8583D717BAF}.Ad-Hoc|ARM.Deploy.0 = Release|Any CPU
		{1BA55D29-EBB3-439E-87C9-E8583D717BAF}.Ad-Hoc|iPhone.ActiveCfg = Release|Any CPU
		{1BA55D29-EBB3-439E-87C9-E8583D717BAF}.Ad-Hoc|iPhone.Build.0 = Release|Any CPU
		{1BA55D29-EBB3-439E-87C9-E8583D717BAF}.Ad-Hoc|iPhone.Deploy.0 = Release|Any CPU
		{1BA55D29-EBB3-439E-87C9-E8583D717BAF}.Ad-Hoc|iPhoneSimulator.ActiveCfg = Release|Any CPU
		{1BA55D29-EBB3-439E-87C9-E8583D717BAF}.Ad-Hoc|iPhoneSimulator.Build.0 = Release|Any CPU
		{1BA55D29-EBB3-439E-87C9-E8583D717BAF}.Ad-Hoc|iPhoneSimulator.Deploy.0 = Release|Any CPU
		{1BA55D29-EBB3-439E-87C9-E8583D717BAF}.Ad-Hoc|x64.ActiveCfg = Release|Any CPU
		{1BA55D29-EBB3-439E-87C9-E8583D717BAF}.Ad-Hoc|x64.Build.0 = Release|Any CPU
		{1BA55D29-EBB3-439E-87C9-E8583D717BAF}.Ad-Hoc|x64.Deploy.0 = Release|Any CPU
		{1BA55D29-EBB3-439E-87C9-E8583D717BAF}.Ad-Hoc|x86.ActiveCfg = Release|Any CPU
		{1BA55D29-EBB3-439E-87C9-E8583D717BAF}.Ad-Hoc|x86.Build.0 = Release|Any CPU
		{1BA55D29-EBB3-439E-87C9-E8583D717BAF}.Ad-Hoc|x86.Deploy.0 = Release|Any CPU
		{1BA55D29-EBB3-439E-87C9-E8583D717BAF}.AppStore|Any CPU.ActiveCfg = Release|Any CPU
		{1BA55D29-EBB3-439E-87C9-E8583D717BAF}.AppStore|Any CPU.Build.0 = Release|Any CPU
		{1BA55D29-EBB3-439E-87C9-E8583D717BAF}.AppStore|Any CPU.Deploy.0 = Release|Any CPU
		{1BA55D29-EBB3-439E-87C9-E8583D717BAF}.AppStore|ARM.ActiveCfg = Release|Any CPU
		{1BA55D29-EBB3-439E-87C9-E8583D717BAF}.AppStore|ARM.Build.0 = Release|Any CPU
		{1BA55D29-EBB3-439E-87C9-E8583D717BAF}.AppStore|ARM.Deploy.0 = Release|Any CPU
		{1BA55D29-EBB3-439E-87C9-E8583D717BAF}.AppStore|iPhone.ActiveCfg = Release|Any CPU
		{1BA55D29-EBB3-439E-87C9-E8583D717BAF}.AppStore|iPhone.Build.0 = Release|Any CPU
		{1BA55D29-EBB3-439E-87C9-E8583D717BAF}.AppStore|iPhone.Deploy.0 = Release|Any CPU
		{1BA55D29-EBB3-439E-87C9-E8583D717BAF}.AppStore|iPhoneSimulator.ActiveCfg = Release|Any CPU
		{1BA55D29-EBB3-439E-87C9-E8583D717BAF}.AppStore|iPhoneSimulator.Build.0 = Release|Any CPU
		{1BA55D29-EBB3-439E-87C9-E8583D717BAF}.AppStore|iPhoneSimulator.Deploy.0 = Release|Any CPU
		{1BA55D29-EBB3-439E-87C9-E8583D717BAF}.AppStore|x64.ActiveCfg = Release|Any CPU
		{1BA55D29-EBB3-439E-87C9-E8583D717BAF}.AppStore|x64.Build.0 = Release|Any CPU
		{1BA55D29-EBB3-439E-87C9-E8583D717BAF}.AppStore|x64.Deploy.0 = Release|Any CPU
		{1BA55D29-EBB3-439E-87C9-E8583D717BAF}.AppStore|x86.ActiveCfg = Release|Any CPU
		{1BA55D29-EBB3-439E-87C9-E8583D717BAF}.AppStore|x86.Build.0 = Release|Any CPU
		{1BA55D29-EBB3-439E-87C9-E8583D717BAF}.AppStore|x86.Deploy.0 = Release|Any CPU
		{1BA55D29-EBB3-439E-87C9-E8583D717BAF}.Debug|Any CPU.ActiveCfg = Debug|Any CPU
		{1BA55D29-EBB3-439E-87C9-E8583D717BAF}.Debug|Any CPU.Build.0 = Debug|Any CPU
		{1BA55D29-EBB3-439E-87C9-E8583D717BAF}.Debug|Any CPU.Deploy.0 = Debug|Any CPU
		{1BA55D29-EBB3-439E-87C9-E8583D717BAF}.Debug|ARM.ActiveCfg = Debug|Any CPU
		{1BA55D29-EBB3-439E-87C9-E8583D717BAF}.Debug|ARM.Build.0 = Debug|Any CPU
		{1BA55D29-EBB3-439E-87C9-E8583D717BAF}.Debug|ARM.Deploy.0 = Debug|Any CPU
		{1BA55D29-EBB3-439E-87C9-E8583D717BAF}.Debug|iPhone.ActiveCfg = Debug|Any CPU
		{1BA55D29-EBB3-439E-87C9-E8583D717BAF}.Debug|iPhone.Build.0 = Debug|Any CPU
		{1BA55D29-EBB3-439E-87C9-E8583D717BAF}.Debug|iPhone.Deploy.0 = Debug|Any CPU
		{1BA55D29-EBB3-439E-87C9-E8583D717BAF}.Debug|iPhoneSimulator.ActiveCfg = Debug|Any CPU
		{1BA55D29-EBB3-439E-87C9-E8583D717BAF}.Debug|iPhoneSimulator.Build.0 = Debug|Any CPU
		{1BA55D29-EBB3-439E-87C9-E8583D717BAF}.Debug|iPhoneSimulator.Deploy.0 = Debug|Any CPU
		{1BA55D29-EBB3-439E-87C9-E8583D717BAF}.Debug|x64.ActiveCfg = Debug|Any CPU
		{1BA55D29-EBB3-439E-87C9-E8583D717BAF}.Debug|x64.Build.0 = Debug|Any CPU
		{1BA55D29-EBB3-439E-87C9-E8583D717BAF}.Debug|x64.Deploy.0 = Debug|Any CPU
		{1BA55D29-EBB3-439E-87C9-E8583D717BAF}.Debug|x86.ActiveCfg = Debug|Any CPU
		{1BA55D29-EBB3-439E-87C9-E8583D717BAF}.Debug|x86.Build.0 = Debug|Any CPU
		{1BA55D29-EBB3-439E-87C9-E8583D717BAF}.Debug|x86.Deploy.0 = Debug|Any CPU
		{1BA55D29-EBB3-439E-87C9-E8583D717BAF}.Release|Any CPU.ActiveCfg = Release|Any CPU
		{1BA55D29-EBB3-439E-87C9-E8583D717BAF}.Release|Any CPU.Build.0 = Release|Any CPU
		{1BA55D29-EBB3-439E-87C9-E8583D717BAF}.Release|Any CPU.Deploy.0 = Release|Any CPU
		{1BA55D29-EBB3-439E-87C9-E8583D717BAF}.Release|ARM.ActiveCfg = Release|Any CPU
		{1BA55D29-EBB3-439E-87C9-E8583D717BAF}.Release|ARM.Build.0 = Release|Any CPU
		{1BA55D29-EBB3-439E-87C9-E8583D717BAF}.Release|ARM.Deploy.0 = Release|Any CPU
		{1BA55D29-EBB3-439E-87C9-E8583D717BAF}.Release|iPhone.ActiveCfg = Release|Any CPU
		{1BA55D29-EBB3-439E-87C9-E8583D717BAF}.Release|iPhone.Build.0 = Release|Any CPU
		{1BA55D29-EBB3-439E-87C9-E8583D717BAF}.Release|iPhone.Deploy.0 = Release|Any CPU
		{1BA55D29-EBB3-439E-87C9-E8583D717BAF}.Release|iPhoneSimulator.ActiveCfg = Release|Any CPU
		{1BA55D29-EBB3-439E-87C9-E8583D717BAF}.Release|iPhoneSimulator.Build.0 = Release|Any CPU
		{1BA55D29-EBB3-439E-87C9-E8583D717BAF}.Release|iPhoneSimulator.Deploy.0 = Release|Any CPU
		{1BA55D29-EBB3-439E-87C9-E8583D717BAF}.Release|x64.ActiveCfg = Release|Any CPU
		{1BA55D29-EBB3-439E-87C9-E8583D717BAF}.Release|x64.Build.0 = Release|Any CPU
		{1BA55D29-EBB3-439E-87C9-E8583D717BAF}.Release|x64.Deploy.0 = Release|Any CPU
		{1BA55D29-EBB3-439E-87C9-E8583D717BAF}.Release|x86.ActiveCfg = Release|Any CPU
		{1BA55D29-EBB3-439E-87C9-E8583D717BAF}.Release|x86.Build.0 = Release|Any CPU
		{1BA55D29-EBB3-439E-87C9-E8583D717BAF}.Release|x86.Deploy.0 = Release|Any CPU
		{C13BEE0F-C0D6-4D74-804C-CDFAF584CB69}.Ad-Hoc|Any CPU.ActiveCfg = Ad-Hoc|iPhone
		{C13BEE0F-C0D6-4D74-804C-CDFAF584CB69}.Ad-Hoc|Any CPU.Build.0 = Ad-Hoc|iPhone
		{C13BEE0F-C0D6-4D74-804C-CDFAF584CB69}.Ad-Hoc|Any CPU.Deploy.0 = Ad-Hoc|iPhone
		{C13BEE0F-C0D6-4D74-804C-CDFAF584CB69}.Ad-Hoc|ARM.ActiveCfg = Ad-Hoc|iPhone
		{C13BEE0F-C0D6-4D74-804C-CDFAF584CB69}.Ad-Hoc|ARM.Build.0 = Ad-Hoc|iPhone
		{C13BEE0F-C0D6-4D74-804C-CDFAF584CB69}.Ad-Hoc|ARM.Deploy.0 = Ad-Hoc|iPhone
		{C13BEE0F-C0D6-4D74-804C-CDFAF584CB69}.Ad-Hoc|iPhone.ActiveCfg = Ad-Hoc|iPhone
		{C13BEE0F-C0D6-4D74-804C-CDFAF584CB69}.Ad-Hoc|iPhone.Build.0 = Ad-Hoc|iPhone
		{C13BEE0F-C0D6-4D74-804C-CDFAF584CB69}.Ad-Hoc|iPhone.Deploy.0 = Ad-Hoc|iPhone
		{C13BEE0F-C0D6-4D74-804C-CDFAF584CB69}.Ad-Hoc|iPhoneSimulator.ActiveCfg = Ad-Hoc|iPhoneSimulator
		{C13BEE0F-C0D6-4D74-804C-CDFAF584CB69}.Ad-Hoc|iPhoneSimulator.Build.0 = Ad-Hoc|iPhoneSimulator
		{C13BEE0F-C0D6-4D74-804C-CDFAF584CB69}.Ad-Hoc|iPhoneSimulator.Deploy.0 = Ad-Hoc|iPhoneSimulator
		{C13BEE0F-C0D6-4D74-804C-CDFAF584CB69}.Ad-Hoc|x64.ActiveCfg = Ad-Hoc|iPhone
		{C13BEE0F-C0D6-4D74-804C-CDFAF584CB69}.Ad-Hoc|x64.Build.0 = Ad-Hoc|iPhone
		{C13BEE0F-C0D6-4D74-804C-CDFAF584CB69}.Ad-Hoc|x64.Deploy.0 = Ad-Hoc|iPhone
		{C13BEE0F-C0D6-4D74-804C-CDFAF584CB69}.Ad-Hoc|x86.ActiveCfg = Ad-Hoc|iPhone
		{C13BEE0F-C0D6-4D74-804C-CDFAF584CB69}.Ad-Hoc|x86.Build.0 = Ad-Hoc|iPhone
		{C13BEE0F-C0D6-4D74-804C-CDFAF584CB69}.Ad-Hoc|x86.Deploy.0 = Ad-Hoc|iPhone
		{C13BEE0F-C0D6-4D74-804C-CDFAF584CB69}.AppStore|Any CPU.ActiveCfg = AppStore|iPhone
		{C13BEE0F-C0D6-4D74-804C-CDFAF584CB69}.AppStore|Any CPU.Build.0 = AppStore|iPhone
		{C13BEE0F-C0D6-4D74-804C-CDFAF584CB69}.AppStore|Any CPU.Deploy.0 = AppStore|iPhone
		{C13BEE0F-C0D6-4D74-804C-CDFAF584CB69}.AppStore|ARM.ActiveCfg = AppStore|iPhone
		{C13BEE0F-C0D6-4D74-804C-CDFAF584CB69}.AppStore|ARM.Build.0 = AppStore|iPhone
		{C13BEE0F-C0D6-4D74-804C-CDFAF584CB69}.AppStore|ARM.Deploy.0 = AppStore|iPhone
		{C13BEE0F-C0D6-4D74-804C-CDFAF584CB69}.AppStore|iPhone.ActiveCfg = AppStore|iPhone
		{C13BEE0F-C0D6-4D74-804C-CDFAF584CB69}.AppStore|iPhone.Build.0 = AppStore|iPhone
		{C13BEE0F-C0D6-4D74-804C-CDFAF584CB69}.AppStore|iPhone.Deploy.0 = AppStore|iPhone
		{C13BEE0F-C0D6-4D74-804C-CDFAF584CB69}.AppStore|iPhoneSimulator.ActiveCfg = AppStore|iPhoneSimulator
		{C13BEE0F-C0D6-4D74-804C-CDFAF584CB69}.AppStore|iPhoneSimulator.Build.0 = AppStore|iPhoneSimulator
		{C13BEE0F-C0D6-4D74-804C-CDFAF584CB69}.AppStore|iPhoneSimulator.Deploy.0 = AppStore|iPhoneSimulator
		{C13BEE0F-C0D6-4D74-804C-CDFAF584CB69}.AppStore|x64.ActiveCfg = AppStore|iPhone
		{C13BEE0F-C0D6-4D74-804C-CDFAF584CB69}.AppStore|x64.Build.0 = AppStore|iPhone
		{C13BEE0F-C0D6-4D74-804C-CDFAF584CB69}.AppStore|x64.Deploy.0 = AppStore|iPhone
		{C13BEE0F-C0D6-4D74-804C-CDFAF584CB69}.AppStore|x86.ActiveCfg = AppStore|iPhone
		{C13BEE0F-C0D6-4D74-804C-CDFAF584CB69}.AppStore|x86.Build.0 = AppStore|iPhone
		{C13BEE0F-C0D6-4D74-804C-CDFAF584CB69}.AppStore|x86.Deploy.0 = AppStore|iPhone
		{C13BEE0F-C0D6-4D74-804C-CDFAF584CB69}.Debug|Any CPU.ActiveCfg = Debug|iPhoneSimulator
		{C13BEE0F-C0D6-4D74-804C-CDFAF584CB69}.Debug|Any CPU.Build.0 = Debug|iPhoneSimulator
		{C13BEE0F-C0D6-4D74-804C-CDFAF584CB69}.Debug|Any CPU.Deploy.0 = Debug|iPhoneSimulator
		{C13BEE0F-C0D6-4D74-804C-CDFAF584CB69}.Debug|ARM.ActiveCfg = Debug|iPhone
		{C13BEE0F-C0D6-4D74-804C-CDFAF584CB69}.Debug|ARM.Build.0 = Debug|iPhone
		{C13BEE0F-C0D6-4D74-804C-CDFAF584CB69}.Debug|ARM.Deploy.0 = Debug|iPhone
		{C13BEE0F-C0D6-4D74-804C-CDFAF584CB69}.Debug|iPhone.ActiveCfg = Debug|iPhone
		{C13BEE0F-C0D6-4D74-804C-CDFAF584CB69}.Debug|iPhone.Build.0 = Debug|iPhone
		{C13BEE0F-C0D6-4D74-804C-CDFAF584CB69}.Debug|iPhone.Deploy.0 = Debug|iPhone
		{C13BEE0F-C0D6-4D74-804C-CDFAF584CB69}.Debug|iPhoneSimulator.ActiveCfg = Debug|iPhoneSimulator
		{C13BEE0F-C0D6-4D74-804C-CDFAF584CB69}.Debug|iPhoneSimulator.Build.0 = Debug|iPhoneSimulator
		{C13BEE0F-C0D6-4D74-804C-CDFAF584CB69}.Debug|iPhoneSimulator.Deploy.0 = Debug|iPhoneSimulator
		{C13BEE0F-C0D6-4D74-804C-CDFAF584CB69}.Debug|x64.ActiveCfg = Debug|iPhone
		{C13BEE0F-C0D6-4D74-804C-CDFAF584CB69}.Debug|x64.Build.0 = Debug|iPhone
		{C13BEE0F-C0D6-4D74-804C-CDFAF584CB69}.Debug|x64.Deploy.0 = Debug|iPhone
		{C13BEE0F-C0D6-4D74-804C-CDFAF584CB69}.Debug|x86.ActiveCfg = Debug|iPhone
		{C13BEE0F-C0D6-4D74-804C-CDFAF584CB69}.Debug|x86.Build.0 = Debug|iPhone
		{C13BEE0F-C0D6-4D74-804C-CDFAF584CB69}.Debug|x86.Deploy.0 = Debug|iPhone
		{C13BEE0F-C0D6-4D74-804C-CDFAF584CB69}.Release|Any CPU.ActiveCfg = Release|iPhone
		{C13BEE0F-C0D6-4D74-804C-CDFAF584CB69}.Release|Any CPU.Build.0 = Release|iPhone
		{C13BEE0F-C0D6-4D74-804C-CDFAF584CB69}.Release|Any CPU.Deploy.0 = Release|iPhone
		{C13BEE0F-C0D6-4D74-804C-CDFAF584CB69}.Release|ARM.ActiveCfg = Release|iPhone
		{C13BEE0F-C0D6-4D74-804C-CDFAF584CB69}.Release|ARM.Build.0 = Release|iPhone
		{C13BEE0F-C0D6-4D74-804C-CDFAF584CB69}.Release|ARM.Deploy.0 = Release|iPhone
		{C13BEE0F-C0D6-4D74-804C-CDFAF584CB69}.Release|iPhone.ActiveCfg = Release|iPhone
		{C13BEE0F-C0D6-4D74-804C-CDFAF584CB69}.Release|iPhone.Build.0 = Release|iPhone
		{C13BEE0F-C0D6-4D74-804C-CDFAF584CB69}.Release|iPhone.Deploy.0 = Release|iPhone
		{C13BEE0F-C0D6-4D74-804C-CDFAF584CB69}.Release|iPhoneSimulator.ActiveCfg = Release|iPhoneSimulator
		{C13BEE0F-C0D6-4D74-804C-CDFAF584CB69}.Release|iPhoneSimulator.Build.0 = Release|iPhoneSimulator
		{C13BEE0F-C0D6-4D74-804C-CDFAF584CB69}.Release|iPhoneSimulator.Deploy.0 = Release|iPhoneSimulator
		{C13BEE0F-C0D6-4D74-804C-CDFAF584CB69}.Release|x64.ActiveCfg = Release|iPhone
		{C13BEE0F-C0D6-4D74-804C-CDFAF584CB69}.Release|x64.Build.0 = Release|iPhone
		{C13BEE0F-C0D6-4D74-804C-CDFAF584CB69}.Release|x64.Deploy.0 = Release|iPhone
		{C13BEE0F-C0D6-4D74-804C-CDFAF584CB69}.Release|x86.ActiveCfg = Release|iPhone
		{C13BEE0F-C0D6-4D74-804C-CDFAF584CB69}.Release|x86.Build.0 = Release|iPhone
		{C13BEE0F-C0D6-4D74-804C-CDFAF584CB69}.Release|x86.Deploy.0 = Release|iPhone
		{600A6256-0D19-4FA4-B3FD-122A45EBF4C4}.Ad-Hoc|Any CPU.ActiveCfg = Release|x86
		{600A6256-0D19-4FA4-B3FD-122A45EBF4C4}.Ad-Hoc|Any CPU.Build.0 = Release|x86
		{600A6256-0D19-4FA4-B3FD-122A45EBF4C4}.Ad-Hoc|Any CPU.Deploy.0 = Release|x86
		{600A6256-0D19-4FA4-B3FD-122A45EBF4C4}.Ad-Hoc|ARM.ActiveCfg = Release|ARM
		{600A6256-0D19-4FA4-B3FD-122A45EBF4C4}.Ad-Hoc|ARM.Build.0 = Release|ARM
		{600A6256-0D19-4FA4-B3FD-122A45EBF4C4}.Ad-Hoc|ARM.Deploy.0 = Release|ARM
		{600A6256-0D19-4FA4-B3FD-122A45EBF4C4}.Ad-Hoc|iPhone.ActiveCfg = Release|x86
		{600A6256-0D19-4FA4-B3FD-122A45EBF4C4}.Ad-Hoc|iPhone.Build.0 = Release|x86
		{600A6256-0D19-4FA4-B3FD-122A45EBF4C4}.Ad-Hoc|iPhone.Deploy.0 = Release|x86
		{600A6256-0D19-4FA4-B3FD-122A45EBF4C4}.Ad-Hoc|iPhoneSimulator.ActiveCfg = Release|x86
		{600A6256-0D19-4FA4-B3FD-122A45EBF4C4}.Ad-Hoc|iPhoneSimulator.Build.0 = Release|x86
		{600A6256-0D19-4FA4-B3FD-122A45EBF4C4}.Ad-Hoc|iPhoneSimulator.Deploy.0 = Release|x86
		{600A6256-0D19-4FA4-B3FD-122A45EBF4C4}.Ad-Hoc|x64.ActiveCfg = Release|x64
		{600A6256-0D19-4FA4-B3FD-122A45EBF4C4}.Ad-Hoc|x64.Build.0 = Release|x64
		{600A6256-0D19-4FA4-B3FD-122A45EBF4C4}.Ad-Hoc|x64.Deploy.0 = Release|x64
		{600A6256-0D19-4FA4-B3FD-122A45EBF4C4}.Ad-Hoc|x86.ActiveCfg = Release|x86
		{600A6256-0D19-4FA4-B3FD-122A45EBF4C4}.Ad-Hoc|x86.Build.0 = Release|x86
		{600A6256-0D19-4FA4-B3FD-122A45EBF4C4}.Ad-Hoc|x86.Deploy.0 = Release|x86
		{600A6256-0D19-4FA4-B3FD-122A45EBF4C4}.AppStore|Any CPU.ActiveCfg = Release|x86
		{600A6256-0D19-4FA4-B3FD-122A45EBF4C4}.AppStore|Any CPU.Build.0 = Release|x86
		{600A6256-0D19-4FA4-B3FD-122A45EBF4C4}.AppStore|Any CPU.Deploy.0 = Release|x86
		{600A6256-0D19-4FA4-B3FD-122A45EBF4C4}.AppStore|ARM.ActiveCfg = Release|ARM
		{600A6256-0D19-4FA4-B3FD-122A45EBF4C4}.AppStore|ARM.Build.0 = Release|ARM
		{600A6256-0D19-4FA4-B3FD-122A45EBF4C4}.AppStore|ARM.Deploy.0 = Release|ARM
		{600A6256-0D19-4FA4-B3FD-122A45EBF4C4}.AppStore|iPhone.ActiveCfg = Release|x86
		{600A6256-0D19-4FA4-B3FD-122A45EBF4C4}.AppStore|iPhone.Build.0 = Release|x86
		{600A6256-0D19-4FA4-B3FD-122A45EBF4C4}.AppStore|iPhone.Deploy.0 = Release|x86
		{600A6256-0D19-4FA4-B3FD-122A45EBF4C4}.AppStore|iPhoneSimulator.ActiveCfg = Release|x86
		{600A6256-0D19-4FA4-B3FD-122A45EBF4C4}.AppStore|iPhoneSimulator.Build.0 = Release|x86
		{600A6256-0D19-4FA4-B3FD-122A45EBF4C4}.AppStore|iPhoneSimulator.Deploy.0 = Release|x86
		{600A6256-0D19-4FA4-B3FD-122A45EBF4C4}.AppStore|x64.ActiveCfg = Release|x64
		{600A6256-0D19-4FA4-B3FD-122A45EBF4C4}.AppStore|x64.Build.0 = Release|x64
		{600A6256-0D19-4FA4-B3FD-122A45EBF4C4}.AppStore|x64.Deploy.0 = Release|x64
		{600A6256-0D19-4FA4-B3FD-122A45EBF4C4}.AppStore|x86.ActiveCfg = Release|x86
		{600A6256-0D19-4FA4-B3FD-122A45EBF4C4}.AppStore|x86.Build.0 = Release|x86
		{600A6256-0D19-4FA4-B3FD-122A45EBF4C4}.AppStore|x86.Deploy.0 = Release|x86
		{600A6256-0D19-4FA4-B3FD-122A45EBF4C4}.Debug|Any CPU.ActiveCfg = Debug|x86
		{600A6256-0D19-4FA4-B3FD-122A45EBF4C4}.Debug|Any CPU.Build.0 = Debug|x86
		{600A6256-0D19-4FA4-B3FD-122A45EBF4C4}.Debug|Any CPU.Deploy.0 = Debug|x86
		{600A6256-0D19-4FA4-B3FD-122A45EBF4C4}.Debug|ARM.ActiveCfg = Debug|ARM
		{600A6256-0D19-4FA4-B3FD-122A45EBF4C4}.Debug|ARM.Build.0 = Debug|ARM
		{600A6256-0D19-4FA4-B3FD-122A45EBF4C4}.Debug|ARM.Deploy.0 = Debug|ARM
		{600A6256-0D19-4FA4-B3FD-122A45EBF4C4}.Debug|iPhone.ActiveCfg = Debug|x86
		{600A6256-0D19-4FA4-B3FD-122A45EBF4C4}.Debug|iPhone.Build.0 = Debug|x86
		{600A6256-0D19-4FA4-B3FD-122A45EBF4C4}.Debug|iPhone.Deploy.0 = Debug|x86
		{600A6256-0D19-4FA4-B3FD-122A45EBF4C4}.Debug|iPhoneSimulator.ActiveCfg = Debug|x86
		{600A6256-0D19-4FA4-B3FD-122A45EBF4C4}.Debug|iPhoneSimulator.Build.0 = Debug|x86
		{600A6256-0D19-4FA4-B3FD-122A45EBF4C4}.Debug|iPhoneSimulator.Deploy.0 = Debug|x86
		{600A6256-0D19-4FA4-B3FD-122A45EBF4C4}.Debug|x64.ActiveCfg = Debug|x64
		{600A6256-0D19-4FA4-B3FD-122A45EBF4C4}.Debug|x64.Build.0 = Debug|x64
		{600A6256-0D19-4FA4-B3FD-122A45EBF4C4}.Debug|x64.Deploy.0 = Debug|x64
		{600A6256-0D19-4FA4-B3FD-122A45EBF4C4}.Debug|x86.ActiveCfg = Debug|x86
		{600A6256-0D19-4FA4-B3FD-122A45EBF4C4}.Debug|x86.Build.0 = Debug|x86
		{600A6256-0D19-4FA4-B3FD-122A45EBF4C4}.Debug|x86.Deploy.0 = Debug|x86
		{600A6256-0D19-4FA4-B3FD-122A45EBF4C4}.Release|Any CPU.ActiveCfg = Release|x86
		{600A6256-0D19-4FA4-B3FD-122A45EBF4C4}.Release|Any CPU.Build.0 = Release|x86
		{600A6256-0D19-4FA4-B3FD-122A45EBF4C4}.Release|Any CPU.Deploy.0 = Release|x86
		{600A6256-0D19-4FA4-B3FD-122A45EBF4C4}.Release|ARM.ActiveCfg = Release|ARM
		{600A6256-0D19-4FA4-B3FD-122A45EBF4C4}.Release|ARM.Build.0 = Release|ARM
		{600A6256-0D19-4FA4-B3FD-122A45EBF4C4}.Release|ARM.Deploy.0 = Release|ARM
		{600A6256-0D19-4FA4-B3FD-122A45EBF4C4}.Release|iPhone.ActiveCfg = Release|x86
		{600A6256-0D19-4FA4-B3FD-122A45EBF4C4}.Release|iPhone.Build.0 = Release|x86
		{600A6256-0D19-4FA4-B3FD-122A45EBF4C4}.Release|iPhone.Deploy.0 = Release|x86
		{600A6256-0D19-4FA4-B3FD-122A45EBF4C4}.Release|iPhoneSimulator.ActiveCfg = Release|x86
		{600A6256-0D19-4FA4-B3FD-122A45EBF4C4}.Release|iPhoneSimulator.Build.0 = Release|x86
		{600A6256-0D19-4FA4-B3FD-122A45EBF4C4}.Release|iPhoneSimulator.Deploy.0 = Release|x86
		{600A6256-0D19-4FA4-B3FD-122A45EBF4C4}.Release|x64.ActiveCfg = Release|x64
		{600A6256-0D19-4FA4-B3FD-122A45EBF4C4}.Release|x64.Build.0 = Release|x64
		{600A6256-0D19-4FA4-B3FD-122A45EBF4C4}.Release|x64.Deploy.0 = Release|x64
		{600A6256-0D19-4FA4-B3FD-122A45EBF4C4}.Release|x86.ActiveCfg = Release|x86
		{600A6256-0D19-4FA4-B3FD-122A45EBF4C4}.Release|x86.Build.0 = Release|x86
		{600A6256-0D19-4FA4-B3FD-122A45EBF4C4}.Release|x86.Deploy.0 = Release|x86
		{E9C687A8-BE76-4441-8531-4AAC6F0F37AF}.Ad-Hoc|Any CPU.ActiveCfg = Debug|Any CPU
		{E9C687A8-BE76-4441-8531-4AAC6F0F37AF}.Ad-Hoc|Any CPU.Build.0 = Debug|Any CPU
		{E9C687A8-BE76-4441-8531-4AAC6F0F37AF}.Ad-Hoc|Any CPU.Deploy.0 = Debug|Any CPU
		{E9C687A8-BE76-4441-8531-4AAC6F0F37AF}.Ad-Hoc|ARM.ActiveCfg = Debug|Any CPU
		{E9C687A8-BE76-4441-8531-4AAC6F0F37AF}.Ad-Hoc|ARM.Build.0 = Debug|Any CPU
		{E9C687A8-BE76-4441-8531-4AAC6F0F37AF}.Ad-Hoc|ARM.Deploy.0 = Debug|Any CPU
		{E9C687A8-BE76-4441-8531-4AAC6F0F37AF}.Ad-Hoc|iPhone.ActiveCfg = Debug|Any CPU
		{E9C687A8-BE76-4441-8531-4AAC6F0F37AF}.Ad-Hoc|iPhone.Build.0 = Debug|Any CPU
		{E9C687A8-BE76-4441-8531-4AAC6F0F37AF}.Ad-Hoc|iPhone.Deploy.0 = Debug|Any CPU
		{E9C687A8-BE76-4441-8531-4AAC6F0F37AF}.Ad-Hoc|iPhoneSimulator.ActiveCfg = Debug|Any CPU
		{E9C687A8-BE76-4441-8531-4AAC6F0F37AF}.Ad-Hoc|iPhoneSimulator.Build.0 = Debug|Any CPU
		{E9C687A8-BE76-4441-8531-4AAC6F0F37AF}.Ad-Hoc|iPhoneSimulator.Deploy.0 = Debug|Any CPU
		{E9C687A8-BE76-4441-8531-4AAC6F0F37AF}.Ad-Hoc|x64.ActiveCfg = Debug|Any CPU
		{E9C687A8-BE76-4441-8531-4AAC6F0F37AF}.Ad-Hoc|x64.Build.0 = Debug|Any CPU
		{E9C687A8-BE76-4441-8531-4AAC6F0F37AF}.Ad-Hoc|x64.Deploy.0 = Debug|Any CPU
		{E9C687A8-BE76-4441-8531-4AAC6F0F37AF}.Ad-Hoc|x86.ActiveCfg = Debug|Any CPU
		{E9C687A8-BE76-4441-8531-4AAC6F0F37AF}.Ad-Hoc|x86.Build.0 = Debug|Any CPU
		{E9C687A8-BE76-4441-8531-4AAC6F0F37AF}.Ad-Hoc|x86.Deploy.0 = Debug|Any CPU
		{E9C687A8-BE76-4441-8531-4AAC6F0F37AF}.AppStore|Any CPU.ActiveCfg = Debug|Any CPU
		{E9C687A8-BE76-4441-8531-4AAC6F0F37AF}.AppStore|Any CPU.Build.0 = Debug|Any CPU
		{E9C687A8-BE76-4441-8531-4AAC6F0F37AF}.AppStore|Any CPU.Deploy.0 = Debug|Any CPU
		{E9C687A8-BE76-4441-8531-4AAC6F0F37AF}.AppStore|ARM.ActiveCfg = Debug|Any CPU
		{E9C687A8-BE76-4441-8531-4AAC6F0F37AF}.AppStore|ARM.Build.0 = Debug|Any CPU
		{E9C687A8-BE76-4441-8531-4AAC6F0F37AF}.AppStore|ARM.Deploy.0 = Debug|Any CPU
		{E9C687A8-BE76-4441-8531-4AAC6F0F37AF}.AppStore|iPhone.ActiveCfg = Debug|Any CPU
		{E9C687A8-BE76-4441-8531-4AAC6F0F37AF}.AppStore|iPhone.Build.0 = Debug|Any CPU
		{E9C687A8-BE76-4441-8531-4AAC6F0F37AF}.AppStore|iPhone.Deploy.0 = Debug|Any CPU
		{E9C687A8-BE76-4441-8531-4AAC6F0F37AF}.AppStore|iPhoneSimulator.ActiveCfg = Debug|Any CPU
		{E9C687A8-BE76-4441-8531-4AAC6F0F37AF}.AppStore|iPhoneSimulator.Build.0 = Debug|Any CPU
		{E9C687A8-BE76-4441-8531-4AAC6F0F37AF}.AppStore|iPhoneSimulator.Deploy.0 = Debug|Any CPU
		{E9C687A8-BE76-4441-8531-4AAC6F0F37AF}.AppStore|x64.ActiveCfg = Debug|Any CPU
		{E9C687A8-BE76-4441-8531-4AAC6F0F37AF}.AppStore|x64.Build.0 = Debug|Any CPU
		{E9C687A8-BE76-4441-8531-4AAC6F0F37AF}.AppStore|x64.Deploy.0 = Debug|Any CPU
		{E9C687A8-BE76-4441-8531-4AAC6F0F37AF}.AppStore|x86.ActiveCfg = Debug|Any CPU
		{E9C687A8-BE76-4441-8531-4AAC6F0F37AF}.AppStore|x86.Build.0 = Debug|Any CPU
		{E9C687A8-BE76-4441-8531-4AAC6F0F37AF}.AppStore|x86.Deploy.0 = Debug|Any CPU
		{E9C687A8-BE76-4441-8531-4AAC6F0F37AF}.Debug|Any CPU.ActiveCfg = Debug|Any CPU
		{E9C687A8-BE76-4441-8531-4AAC6F0F37AF}.Debug|Any CPU.Build.0 = Debug|Any CPU
		{E9C687A8-BE76-4441-8531-4AAC6F0F37AF}.Debug|Any CPU.Deploy.0 = Debug|Any CPU
		{E9C687A8-BE76-4441-8531-4AAC6F0F37AF}.Debug|ARM.ActiveCfg = Debug|Any CPU
		{E9C687A8-BE76-4441-8531-4AAC6F0F37AF}.Debug|ARM.Build.0 = Debug|Any CPU
		{E9C687A8-BE76-4441-8531-4AAC6F0F37AF}.Debug|ARM.Deploy.0 = Debug|Any CPU
		{E9C687A8-BE76-4441-8531-4AAC6F0F37AF}.Debug|iPhone.ActiveCfg = Debug|Any CPU
		{E9C687A8-BE76-4441-8531-4AAC6F0F37AF}.Debug|iPhone.Build.0 = Debug|Any CPU
		{E9C687A8-BE76-4441-8531-4AAC6F0F37AF}.Debug|iPhone.Deploy.0 = Debug|Any CPU
		{E9C687A8-BE76-4441-8531-4AAC6F0F37AF}.Debug|iPhoneSimulator.ActiveCfg = Debug|Any CPU
		{E9C687A8-BE76-4441-8531-4AAC6F0F37AF}.Debug|iPhoneSimulator.Build.0 = Debug|Any CPU
		{E9C687A8-BE76-4441-8531-4AAC6F0F37AF}.Debug|iPhoneSimulator.Deploy.0 = Debug|Any CPU
		{E9C687A8-BE76-4441-8531-4AAC6F0F37AF}.Debug|x64.ActiveCfg = Debug|Any CPU
		{E9C687A8-BE76-4441-8531-4AAC6F0F37AF}.Debug|x64.Build.0 = Debug|Any CPU
		{E9C687A8-BE76-4441-8531-4AAC6F0F37AF}.Debug|x64.Deploy.0 = Debug|Any CPU
		{E9C687A8-BE76-4441-8531-4AAC6F0F37AF}.Debug|x86.ActiveCfg = Debug|Any CPU
		{E9C687A8-BE76-4441-8531-4AAC6F0F37AF}.Debug|x86.Build.0 = Debug|Any CPU
		{E9C687A8-BE76-4441-8531-4AAC6F0F37AF}.Debug|x86.Deploy.0 = Debug|Any CPU
		{E9C687A8-BE76-4441-8531-4AAC6F0F37AF}.Release|Any CPU.ActiveCfg = Release|Any CPU
		{E9C687A8-BE76-4441-8531-4AAC6F0F37AF}.Release|Any CPU.Build.0 = Release|Any CPU
		{E9C687A8-BE76-4441-8531-4AAC6F0F37AF}.Release|Any CPU.Deploy.0 = Release|Any CPU
		{E9C687A8-BE76-4441-8531-4AAC6F0F37AF}.Release|ARM.ActiveCfg = Release|Any CPU
		{E9C687A8-BE76-4441-8531-4AAC6F0F37AF}.Release|ARM.Build.0 = Release|Any CPU
		{E9C687A8-BE76-4441-8531-4AAC6F0F37AF}.Release|ARM.Deploy.0 = Release|Any CPU
		{E9C687A8-BE76-4441-8531-4AAC6F0F37AF}.Release|iPhone.ActiveCfg = Release|Any CPU
		{E9C687A8-BE76-4441-8531-4AAC6F0F37AF}.Release|iPhone.Build.0 = Release|Any CPU
		{E9C687A8-BE76-4441-8531-4AAC6F0F37AF}.Release|iPhone.Deploy.0 = Release|Any CPU
		{E9C687A8-BE76-4441-8531-4AAC6F0F37AF}.Release|iPhoneSimulator.ActiveCfg = Release|Any CPU
		{E9C687A8-BE76-4441-8531-4AAC6F0F37AF}.Release|iPhoneSimulator.Build.0 = Release|Any CPU
		{E9C687A8-BE76-4441-8531-4AAC6F0F37AF}.Release|iPhoneSimulator.Deploy.0 = Release|Any CPU
		{E9C687A8-BE76-4441-8531-4AAC6F0F37AF}.Release|x64.ActiveCfg = Release|Any CPU
		{E9C687A8-BE76-4441-8531-4AAC6F0F37AF}.Release|x64.Build.0 = Release|Any CPU
		{E9C687A8-BE76-4441-8531-4AAC6F0F37AF}.Release|x64.Deploy.0 = Release|Any CPU
		{E9C687A8-BE76-4441-8531-4AAC6F0F37AF}.Release|x86.ActiveCfg = Release|Any CPU
		{E9C687A8-BE76-4441-8531-4AAC6F0F37AF}.Release|x86.Build.0 = Release|Any CPU
		{E9C687A8-BE76-4441-8531-4AAC6F0F37AF}.Release|x86.Deploy.0 = Release|Any CPU
		{4C898F68-9DC1-49CA-96C0-1646B307D481}.Ad-Hoc|Any CPU.ActiveCfg = Release|Any CPU
		{4C898F68-9DC1-49CA-96C0-1646B307D481}.Ad-Hoc|Any CPU.Build.0 = Release|Any CPU
		{4C898F68-9DC1-49CA-96C0-1646B307D481}.Ad-Hoc|ARM.ActiveCfg = Release|Any CPU
		{4C898F68-9DC1-49CA-96C0-1646B307D481}.Ad-Hoc|ARM.Build.0 = Release|Any CPU
		{4C898F68-9DC1-49CA-96C0-1646B307D481}.Ad-Hoc|iPhone.ActiveCfg = Release|Any CPU
		{4C898F68-9DC1-49CA-96C0-1646B307D481}.Ad-Hoc|iPhone.Build.0 = Release|Any CPU
		{4C898F68-9DC1-49CA-96C0-1646B307D481}.Ad-Hoc|iPhoneSimulator.ActiveCfg = Release|Any CPU
		{4C898F68-9DC1-49CA-96C0-1646B307D481}.Ad-Hoc|iPhoneSimulator.Build.0 = Release|Any CPU
		{4C898F68-9DC1-49CA-96C0-1646B307D481}.Ad-Hoc|x64.ActiveCfg = Release|Any CPU
		{4C898F68-9DC1-49CA-96C0-1646B307D481}.Ad-Hoc|x64.Build.0 = Release|Any CPU
		{4C898F68-9DC1-49CA-96C0-1646B307D481}.Ad-Hoc|x86.ActiveCfg = Release|Any CPU
		{4C898F68-9DC1-49CA-96C0-1646B307D481}.Ad-Hoc|x86.Build.0 = Release|Any CPU
		{4C898F68-9DC1-49CA-96C0-1646B307D481}.AppStore|Any CPU.ActiveCfg = Release|Any CPU
		{4C898F68-9DC1-49CA-96C0-1646B307D481}.AppStore|Any CPU.Build.0 = Release|Any CPU
		{4C898F68-9DC1-49CA-96C0-1646B307D481}.AppStore|ARM.ActiveCfg = Release|Any CPU
		{4C898F68-9DC1-49CA-96C0-1646B307D481}.AppStore|ARM.Build.0 = Release|Any CPU
		{4C898F68-9DC1-49CA-96C0-1646B307D481}.AppStore|iPhone.ActiveCfg = Release|Any CPU
		{4C898F68-9DC1-49CA-96C0-1646B307D481}.AppStore|iPhone.Build.0 = Release|Any CPU
		{4C898F68-9DC1-49CA-96C0-1646B307D481}.AppStore|iPhoneSimulator.ActiveCfg = Release|Any CPU
		{4C898F68-9DC1-49CA-96C0-1646B307D481}.AppStore|iPhoneSimulator.Build.0 = Release|Any CPU
		{4C898F68-9DC1-49CA-96C0-1646B307D481}.AppStore|x64.ActiveCfg = Release|Any CPU
		{4C898F68-9DC1-49CA-96C0-1646B307D481}.AppStore|x64.Build.0 = Release|Any CPU
		{4C898F68-9DC1-49CA-96C0-1646B307D481}.AppStore|x86.ActiveCfg = Release|Any CPU
		{4C898F68-9DC1-49CA-96C0-1646B307D481}.AppStore|x86.Build.0 = Release|Any CPU
		{4C898F68-9DC1-49CA-96C0-1646B307D481}.Debug|Any CPU.ActiveCfg = Debug|Any CPU
		{4C898F68-9DC1-49CA-96C0-1646B307D481}.Debug|Any CPU.Build.0 = Debug|Any CPU
		{4C898F68-9DC1-49CA-96C0-1646B307D481}.Debug|ARM.ActiveCfg = Debug|Any CPU
		{4C898F68-9DC1-49CA-96C0-1646B307D481}.Debug|ARM.Build.0 = Debug|Any CPU
		{4C898F68-9DC1-49CA-96C0-1646B307D481}.Debug|iPhone.ActiveCfg = Debug|Any CPU
		{4C898F68-9DC1-49CA-96C0-1646B307D481}.Debug|iPhone.Build.0 = Debug|Any CPU
		{4C898F68-9DC1-49CA-96C0-1646B307D481}.Debug|iPhoneSimulator.ActiveCfg = Debug|Any CPU
		{4C898F68-9DC1-49CA-96C0-1646B307D481}.Debug|iPhoneSimulator.Build.0 = Debug|Any CPU
		{4C898F68-9DC1-49CA-96C0-1646B307D481}.Debug|x64.ActiveCfg = Debug|Any CPU
		{4C898F68-9DC1-49CA-96C0-1646B307D481}.Debug|x64.Build.0 = Debug|Any CPU
		{4C898F68-9DC1-49CA-96C0-1646B307D481}.Debug|x86.ActiveCfg = Debug|Any CPU
		{4C898F68-9DC1-49CA-96C0-1646B307D481}.Debug|x86.Build.0 = Debug|Any CPU
		{4C898F68-9DC1-49CA-96C0-1646B307D481}.Release|Any CPU.ActiveCfg = Release|Any CPU
		{4C898F68-9DC1-49CA-96C0-1646B307D481}.Release|Any CPU.Build.0 = Release|Any CPU
		{4C898F68-9DC1-49CA-96C0-1646B307D481}.Release|ARM.ActiveCfg = Release|Any CPU
		{4C898F68-9DC1-49CA-96C0-1646B307D481}.Release|ARM.Build.0 = Release|Any CPU
		{4C898F68-9DC1-49CA-96C0-1646B307D481}.Release|iPhone.ActiveCfg = Release|Any CPU
		{4C898F68-9DC1-49CA-96C0-1646B307D481}.Release|iPhone.Build.0 = Release|Any CPU
		{4C898F68-9DC1-49CA-96C0-1646B307D481}.Release|iPhoneSimulator.ActiveCfg = Release|Any CPU
		{4C898F68-9DC1-49CA-96C0-1646B307D481}.Release|iPhoneSimulator.Build.0 = Release|Any CPU
		{4C898F68-9DC1-49CA-96C0-1646B307D481}.Release|x64.ActiveCfg = Release|Any CPU
		{4C898F68-9DC1-49CA-96C0-1646B307D481}.Release|x64.Build.0 = Release|Any CPU
		{4C898F68-9DC1-49CA-96C0-1646B307D481}.Release|x86.ActiveCfg = Release|Any CPU
		{4C898F68-9DC1-49CA-96C0-1646B307D481}.Release|x86.Build.0 = Release|Any CPU
		{8AC65EA0-E52F-4D3D-B355-FE3D0A2CE7BB}.Ad-Hoc|Any CPU.ActiveCfg = Release|Any CPU
		{8AC65EA0-E52F-4D3D-B355-FE3D0A2CE7BB}.Ad-Hoc|Any CPU.Build.0 = Release|Any CPU
		{8AC65EA0-E52F-4D3D-B355-FE3D0A2CE7BB}.Ad-Hoc|ARM.ActiveCfg = Release|Any CPU
		{8AC65EA0-E52F-4D3D-B355-FE3D0A2CE7BB}.Ad-Hoc|ARM.Build.0 = Release|Any CPU
		{8AC65EA0-E52F-4D3D-B355-FE3D0A2CE7BB}.Ad-Hoc|iPhone.ActiveCfg = Release|Any CPU
		{8AC65EA0-E52F-4D3D-B355-FE3D0A2CE7BB}.Ad-Hoc|iPhone.Build.0 = Release|Any CPU
		{8AC65EA0-E52F-4D3D-B355-FE3D0A2CE7BB}.Ad-Hoc|iPhoneSimulator.ActiveCfg = Release|Any CPU
		{8AC65EA0-E52F-4D3D-B355-FE3D0A2CE7BB}.Ad-Hoc|iPhoneSimulator.Build.0 = Release|Any CPU
		{8AC65EA0-E52F-4D3D-B355-FE3D0A2CE7BB}.Ad-Hoc|x64.ActiveCfg = Release|Any CPU
		{8AC65EA0-E52F-4D3D-B355-FE3D0A2CE7BB}.Ad-Hoc|x64.Build.0 = Release|Any CPU
		{8AC65EA0-E52F-4D3D-B355-FE3D0A2CE7BB}.Ad-Hoc|x86.ActiveCfg = Release|Any CPU
		{8AC65EA0-E52F-4D3D-B355-FE3D0A2CE7BB}.Ad-Hoc|x86.Build.0 = Release|Any CPU
		{8AC65EA0-E52F-4D3D-B355-FE3D0A2CE7BB}.AppStore|Any CPU.ActiveCfg = Release|Any CPU
		{8AC65EA0-E52F-4D3D-B355-FE3D0A2CE7BB}.AppStore|Any CPU.Build.0 = Release|Any CPU
		{8AC65EA0-E52F-4D3D-B355-FE3D0A2CE7BB}.AppStore|ARM.ActiveCfg = Release|Any CPU
		{8AC65EA0-E52F-4D3D-B355-FE3D0A2CE7BB}.AppStore|ARM.Build.0 = Release|Any CPU
		{8AC65EA0-E52F-4D3D-B355-FE3D0A2CE7BB}.AppStore|iPhone.ActiveCfg = Release|Any CPU
		{8AC65EA0-E52F-4D3D-B355-FE3D0A2CE7BB}.AppStore|iPhone.Build.0 = Release|Any CPU
		{8AC65EA0-E52F-4D3D-B355-FE3D0A2CE7BB}.AppStore|iPhoneSimulator.ActiveCfg = Release|Any CPU
		{8AC65EA0-E52F-4D3D-B355-FE3D0A2CE7BB}.AppStore|iPhoneSimulator.Build.0 = Release|Any CPU
		{8AC65EA0-E52F-4D3D-B355-FE3D0A2CE7BB}.AppStore|x64.ActiveCfg = Release|Any CPU
		{8AC65EA0-E52F-4D3D-B355-FE3D0A2CE7BB}.AppStore|x64.Build.0 = Release|Any CPU
		{8AC65EA0-E52F-4D3D-B355-FE3D0A2CE7BB}.AppStore|x86.ActiveCfg = Release|Any CPU
		{8AC65EA0-E52F-4D3D-B355-FE3D0A2CE7BB}.AppStore|x86.Build.0 = Release|Any CPU
		{8AC65EA0-E52F-4D3D-B355-FE3D0A2CE7BB}.Debug|Any CPU.ActiveCfg = Debug|Any CPU
		{8AC65EA0-E52F-4D3D-B355-FE3D0A2CE7BB}.Debug|Any CPU.Build.0 = Debug|Any CPU
		{8AC65EA0-E52F-4D3D-B355-FE3D0A2CE7BB}.Debug|ARM.ActiveCfg = Debug|Any CPU
		{8AC65EA0-E52F-4D3D-B355-FE3D0A2CE7BB}.Debug|ARM.Build.0 = Debug|Any CPU
		{8AC65EA0-E52F-4D3D-B355-FE3D0A2CE7BB}.Debug|iPhone.ActiveCfg = Debug|Any CPU
		{8AC65EA0-E52F-4D3D-B355-FE3D0A2CE7BB}.Debug|iPhone.Build.0 = Debug|Any CPU
		{8AC65EA0-E52F-4D3D-B355-FE3D0A2CE7BB}.Debug|iPhoneSimulator.ActiveCfg = Debug|Any CPU
		{8AC65EA0-E52F-4D3D-B355-FE3D0A2CE7BB}.Debug|iPhoneSimulator.Build.0 = Debug|Any CPU
		{8AC65EA0-E52F-4D3D-B355-FE3D0A2CE7BB}.Debug|x64.ActiveCfg = Debug|Any CPU
		{8AC65EA0-E52F-4D3D-B355-FE3D0A2CE7BB}.Debug|x64.Build.0 = Debug|Any CPU
		{8AC65EA0-E52F-4D3D-B355-FE3D0A2CE7BB}.Debug|x86.ActiveCfg = Debug|Any CPU
		{8AC65EA0-E52F-4D3D-B355-FE3D0A2CE7BB}.Debug|x86.Build.0 = Debug|Any CPU
		{8AC65EA0-E52F-4D3D-B355-FE3D0A2CE7BB}.Release|Any CPU.ActiveCfg = Release|Any CPU
		{8AC65EA0-E52F-4D3D-B355-FE3D0A2CE7BB}.Release|Any CPU.Build.0 = Release|Any CPU
		{8AC65EA0-E52F-4D3D-B355-FE3D0A2CE7BB}.Release|ARM.ActiveCfg = Release|Any CPU
		{8AC65EA0-E52F-4D3D-B355-FE3D0A2CE7BB}.Release|ARM.Build.0 = Release|Any CPU
		{8AC65EA0-E52F-4D3D-B355-FE3D0A2CE7BB}.Release|iPhone.ActiveCfg = Release|Any CPU
		{8AC65EA0-E52F-4D3D-B355-FE3D0A2CE7BB}.Release|iPhone.Build.0 = Release|Any CPU
		{8AC65EA0-E52F-4D3D-B355-FE3D0A2CE7BB}.Release|iPhoneSimulator.ActiveCfg = Release|Any CPU
		{8AC65EA0-E52F-4D3D-B355-FE3D0A2CE7BB}.Release|iPhoneSimulator.Build.0 = Release|Any CPU
		{8AC65EA0-E52F-4D3D-B355-FE3D0A2CE7BB}.Release|x64.ActiveCfg = Release|Any CPU
		{8AC65EA0-E52F-4D3D-B355-FE3D0A2CE7BB}.Release|x64.Build.0 = Release|Any CPU
		{8AC65EA0-E52F-4D3D-B355-FE3D0A2CE7BB}.Release|x86.ActiveCfg = Release|Any CPU
		{8AC65EA0-E52F-4D3D-B355-FE3D0A2CE7BB}.Release|x86.Build.0 = Release|Any CPU
		{43029429-D77D-4F33-BDF3-DC405CC23607}.Ad-Hoc|Any CPU.ActiveCfg = Release|Any CPU
		{43029429-D77D-4F33-BDF3-DC405CC23607}.Ad-Hoc|Any CPU.Build.0 = Release|Any CPU
		{43029429-D77D-4F33-BDF3-DC405CC23607}.Ad-Hoc|ARM.ActiveCfg = Release|Any CPU
		{43029429-D77D-4F33-BDF3-DC405CC23607}.Ad-Hoc|ARM.Build.0 = Release|Any CPU
		{43029429-D77D-4F33-BDF3-DC405CC23607}.Ad-Hoc|iPhone.ActiveCfg = Release|Any CPU
		{43029429-D77D-4F33-BDF3-DC405CC23607}.Ad-Hoc|iPhone.Build.0 = Release|Any CPU
		{43029429-D77D-4F33-BDF3-DC405CC23607}.Ad-Hoc|iPhoneSimulator.ActiveCfg = Release|Any CPU
		{43029429-D77D-4F33-BDF3-DC405CC23607}.Ad-Hoc|iPhoneSimulator.Build.0 = Release|Any CPU
		{43029429-D77D-4F33-BDF3-DC405CC23607}.Ad-Hoc|x64.ActiveCfg = Release|Any CPU
		{43029429-D77D-4F33-BDF3-DC405CC23607}.Ad-Hoc|x64.Build.0 = Release|Any CPU
		{43029429-D77D-4F33-BDF3-DC405CC23607}.Ad-Hoc|x86.ActiveCfg = Release|Any CPU
		{43029429-D77D-4F33-BDF3-DC405CC23607}.Ad-Hoc|x86.Build.0 = Release|Any CPU
		{43029429-D77D-4F33-BDF3-DC405CC23607}.AppStore|Any CPU.ActiveCfg = Release|Any CPU
		{43029429-D77D-4F33-BDF3-DC405CC23607}.AppStore|Any CPU.Build.0 = Release|Any CPU
		{43029429-D77D-4F33-BDF3-DC405CC23607}.AppStore|ARM.ActiveCfg = Release|Any CPU
		{43029429-D77D-4F33-BDF3-DC405CC23607}.AppStore|ARM.Build.0 = Release|Any CPU
		{43029429-D77D-4F33-BDF3-DC405CC23607}.AppStore|iPhone.ActiveCfg = Release|Any CPU
		{43029429-D77D-4F33-BDF3-DC405CC23607}.AppStore|iPhone.Build.0 = Release|Any CPU
		{43029429-D77D-4F33-BDF3-DC405CC23607}.AppStore|iPhoneSimulator.ActiveCfg = Release|Any CPU
		{43029429-D77D-4F33-BDF3-DC405CC23607}.AppStore|iPhoneSimulator.Build.0 = Release|Any CPU
		{43029429-D77D-4F33-BDF3-DC405CC23607}.AppStore|x64.ActiveCfg = Release|Any CPU
		{43029429-D77D-4F33-BDF3-DC405CC23607}.AppStore|x64.Build.0 = Release|Any CPU
		{43029429-D77D-4F33-BDF3-DC405CC23607}.AppStore|x86.ActiveCfg = Release|Any CPU
		{43029429-D77D-4F33-BDF3-DC405CC23607}.AppStore|x86.Build.0 = Release|Any CPU
		{43029429-D77D-4F33-BDF3-DC405CC23607}.Debug|Any CPU.ActiveCfg = Debug|Any CPU
		{43029429-D77D-4F33-BDF3-DC405CC23607}.Debug|Any CPU.Build.0 = Debug|Any CPU
		{43029429-D77D-4F33-BDF3-DC405CC23607}.Debug|ARM.ActiveCfg = Debug|Any CPU
		{43029429-D77D-4F33-BDF3-DC405CC23607}.Debug|ARM.Build.0 = Debug|Any CPU
		{43029429-D77D-4F33-BDF3-DC405CC23607}.Debug|iPhone.ActiveCfg = Debug|Any CPU
		{43029429-D77D-4F33-BDF3-DC405CC23607}.Debug|iPhone.Build.0 = Debug|Any CPU
		{43029429-D77D-4F33-BDF3-DC405CC23607}.Debug|iPhoneSimulator.ActiveCfg = Debug|Any CPU
		{43029429-D77D-4F33-BDF3-DC405CC23607}.Debug|iPhoneSimulator.Build.0 = Debug|Any CPU
		{43029429-D77D-4F33-BDF3-DC405CC23607}.Debug|x64.ActiveCfg = Debug|Any CPU
		{43029429-D77D-4F33-BDF3-DC405CC23607}.Debug|x64.Build.0 = Debug|Any CPU
		{43029429-D77D-4F33-BDF3-DC405CC23607}.Debug|x86.ActiveCfg = Debug|Any CPU
		{43029429-D77D-4F33-BDF3-DC405CC23607}.Debug|x86.Build.0 = Debug|Any CPU
		{43029429-D77D-4F33-BDF3-DC405CC23607}.Release|Any CPU.ActiveCfg = Release|Any CPU
		{43029429-D77D-4F33-BDF3-DC405CC23607}.Release|Any CPU.Build.0 = Release|Any CPU
		{43029429-D77D-4F33-BDF3-DC405CC23607}.Release|ARM.ActiveCfg = Release|Any CPU
		{43029429-D77D-4F33-BDF3-DC405CC23607}.Release|ARM.Build.0 = Release|Any CPU
		{43029429-D77D-4F33-BDF3-DC405CC23607}.Release|iPhone.ActiveCfg = Release|Any CPU
		{43029429-D77D-4F33-BDF3-DC405CC23607}.Release|iPhone.Build.0 = Release|Any CPU
		{43029429-D77D-4F33-BDF3-DC405CC23607}.Release|iPhoneSimulator.ActiveCfg = Release|Any CPU
		{43029429-D77D-4F33-BDF3-DC405CC23607}.Release|iPhoneSimulator.Build.0 = Release|Any CPU
		{43029429-D77D-4F33-BDF3-DC405CC23607}.Release|x64.ActiveCfg = Release|Any CPU
		{43029429-D77D-4F33-BDF3-DC405CC23607}.Release|x64.Build.0 = Release|Any CPU
		{43029429-D77D-4F33-BDF3-DC405CC23607}.Release|x86.ActiveCfg = Release|Any CPU
		{43029429-D77D-4F33-BDF3-DC405CC23607}.Release|x86.Build.0 = Release|Any CPU
		{CE2A5F19-401F-4E66-8E7E-2A0396FD84E7}.Ad-Hoc|Any CPU.ActiveCfg = Release|Any CPU
		{CE2A5F19-401F-4E66-8E7E-2A0396FD84E7}.Ad-Hoc|Any CPU.Build.0 = Release|Any CPU
		{CE2A5F19-401F-4E66-8E7E-2A0396FD84E7}.Ad-Hoc|ARM.ActiveCfg = Release|Any CPU
		{CE2A5F19-401F-4E66-8E7E-2A0396FD84E7}.Ad-Hoc|ARM.Build.0 = Release|Any CPU
		{CE2A5F19-401F-4E66-8E7E-2A0396FD84E7}.Ad-Hoc|iPhone.ActiveCfg = Release|Any CPU
		{CE2A5F19-401F-4E66-8E7E-2A0396FD84E7}.Ad-Hoc|iPhone.Build.0 = Release|Any CPU
		{CE2A5F19-401F-4E66-8E7E-2A0396FD84E7}.Ad-Hoc|iPhoneSimulator.ActiveCfg = Release|Any CPU
		{CE2A5F19-401F-4E66-8E7E-2A0396FD84E7}.Ad-Hoc|iPhoneSimulator.Build.0 = Release|Any CPU
		{CE2A5F19-401F-4E66-8E7E-2A0396FD84E7}.Ad-Hoc|x64.ActiveCfg = Release|Any CPU
		{CE2A5F19-401F-4E66-8E7E-2A0396FD84E7}.Ad-Hoc|x64.Build.0 = Release|Any CPU
		{CE2A5F19-401F-4E66-8E7E-2A0396FD84E7}.Ad-Hoc|x86.ActiveCfg = Release|Any CPU
		{CE2A5F19-401F-4E66-8E7E-2A0396FD84E7}.Ad-Hoc|x86.Build.0 = Release|Any CPU
		{CE2A5F19-401F-4E66-8E7E-2A0396FD84E7}.AppStore|Any CPU.ActiveCfg = Release|Any CPU
		{CE2A5F19-401F-4E66-8E7E-2A0396FD84E7}.AppStore|Any CPU.Build.0 = Release|Any CPU
		{CE2A5F19-401F-4E66-8E7E-2A0396FD84E7}.AppStore|ARM.ActiveCfg = Release|Any CPU
		{CE2A5F19-401F-4E66-8E7E-2A0396FD84E7}.AppStore|ARM.Build.0 = Release|Any CPU
		{CE2A5F19-401F-4E66-8E7E-2A0396FD84E7}.AppStore|iPhone.ActiveCfg = Release|Any CPU
		{CE2A5F19-401F-4E66-8E7E-2A0396FD84E7}.AppStore|iPhone.Build.0 = Release|Any CPU
		{CE2A5F19-401F-4E66-8E7E-2A0396FD84E7}.AppStore|iPhoneSimulator.ActiveCfg = Release|Any CPU
		{CE2A5F19-401F-4E66-8E7E-2A0396FD84E7}.AppStore|iPhoneSimulator.Build.0 = Release|Any CPU
		{CE2A5F19-401F-4E66-8E7E-2A0396FD84E7}.AppStore|x64.ActiveCfg = Release|Any CPU
		{CE2A5F19-401F-4E66-8E7E-2A0396FD84E7}.AppStore|x64.Build.0 = Release|Any CPU
		{CE2A5F19-401F-4E66-8E7E-2A0396FD84E7}.AppStore|x86.ActiveCfg = Release|Any CPU
		{CE2A5F19-401F-4E66-8E7E-2A0396FD84E7}.AppStore|x86.Build.0 = Release|Any CPU
		{CE2A5F19-401F-4E66-8E7E-2A0396FD84E7}.Debug|Any CPU.ActiveCfg = Debug|Any CPU
		{CE2A5F19-401F-4E66-8E7E-2A0396FD84E7}.Debug|Any CPU.Build.0 = Debug|Any CPU
		{CE2A5F19-401F-4E66-8E7E-2A0396FD84E7}.Debug|ARM.ActiveCfg = Debug|Any CPU
		{CE2A5F19-401F-4E66-8E7E-2A0396FD84E7}.Debug|ARM.Build.0 = Debug|Any CPU
		{CE2A5F19-401F-4E66-8E7E-2A0396FD84E7}.Debug|iPhone.ActiveCfg = Debug|Any CPU
		{CE2A5F19-401F-4E66-8E7E-2A0396FD84E7}.Debug|iPhone.Build.0 = Debug|Any CPU
		{CE2A5F19-401F-4E66-8E7E-2A0396FD84E7}.Debug|iPhoneSimulator.ActiveCfg = Debug|Any CPU
		{CE2A5F19-401F-4E66-8E7E-2A0396FD84E7}.Debug|iPhoneSimulator.Build.0 = Debug|Any CPU
		{CE2A5F19-401F-4E66-8E7E-2A0396FD84E7}.Debug|x64.ActiveCfg = Debug|Any CPU
		{CE2A5F19-401F-4E66-8E7E-2A0396FD84E7}.Debug|x64.Build.0 = Debug|Any CPU
		{CE2A5F19-401F-4E66-8E7E-2A0396FD84E7}.Debug|x86.ActiveCfg = Debug|Any CPU
		{CE2A5F19-401F-4E66-8E7E-2A0396FD84E7}.Debug|x86.Build.0 = Debug|Any CPU
		{CE2A5F19-401F-4E66-8E7E-2A0396FD84E7}.Release|Any CPU.ActiveCfg = Release|Any CPU
		{CE2A5F19-401F-4E66-8E7E-2A0396FD84E7}.Release|Any CPU.Build.0 = Release|Any CPU
		{CE2A5F19-401F-4E66-8E7E-2A0396FD84E7}.Release|ARM.ActiveCfg = Release|Any CPU
		{CE2A5F19-401F-4E66-8E7E-2A0396FD84E7}.Release|ARM.Build.0 = Release|Any CPU
		{CE2A5F19-401F-4E66-8E7E-2A0396FD84E7}.Release|iPhone.ActiveCfg = Release|Any CPU
		{CE2A5F19-401F-4E66-8E7E-2A0396FD84E7}.Release|iPhone.Build.0 = Release|Any CPU
		{CE2A5F19-401F-4E66-8E7E-2A0396FD84E7}.Release|iPhoneSimulator.ActiveCfg = Release|Any CPU
		{CE2A5F19-401F-4E66-8E7E-2A0396FD84E7}.Release|iPhoneSimulator.Build.0 = Release|Any CPU
		{CE2A5F19-401F-4E66-8E7E-2A0396FD84E7}.Release|x64.ActiveCfg = Release|Any CPU
		{CE2A5F19-401F-4E66-8E7E-2A0396FD84E7}.Release|x64.Build.0 = Release|Any CPU
		{CE2A5F19-401F-4E66-8E7E-2A0396FD84E7}.Release|x86.ActiveCfg = Release|Any CPU
		{CE2A5F19-401F-4E66-8E7E-2A0396FD84E7}.Release|x86.Build.0 = Release|Any CPU
	EndGlobalSection
	GlobalSection(SolutionProperties) = preSolution
		HideSolutionNode = FALSE
	EndGlobalSection
	GlobalSection(ExtensibilityGlobals) = postSolution
		SolutionGuid = {288CD647-B03D-4FD7-AA8D-6F0C06CCAA66}
	EndGlobalSection
EndGlobal
